<?xml version="1.0" encoding="UTF-8"?>
<CodeBlocks_project_file>
	<FileVersion major="1" minor="6"/>
	<Project>
		<Option title="client"/>
		<Option makefile_is_custom="1"/>
		<Option compiler="gcc"/>
		<Option virtualFolders="CMake Files\;"/>
		<Build>
			<Target title="all">
				<Option working_dir="/Users/arturarifullin/Desktop/C_Programs/4 семестр/socket/client"/>
				<Option type="4"/>
				<MakeCommands>
					<Build command="/usr/bin/make -f &quot;/Users/arturarifullin/Desktop/C_Programs/4\ семестр/socket/client/Makefile&quot;  VERBOSE=1 all"/>
					<CompileFile command="/usr/bin/make -f &quot;/Users/arturarifullin/Desktop/C_Programs/4\ семестр/socket/client/Makefile&quot;  VERBOSE=1 &quot;$file&quot;"/>
					<Clean command="/usr/bin/make -f &quot;/Users/arturarifullin/Desktop/C_Programs/4\ семестр/socket/client/Makefile&quot;  VERBOSE=1 clean"/>
					<DistClean command="/usr/bin/make -f &quot;/Users/arturarifullin/Desktop/C_Programs/4\ семестр/socket/client/Makefile&quot;  VERBOSE=1 clean"/>
				</MakeCommands>
			</Target>
			<Target title="rebuild_cache">
				<Option working_dir="/Users/arturarifullin/Desktop/C_Programs/4 семестр/socket/client"/>
				<Option type="4"/>
				<MakeCommands>
					<Build command="/usr/bin/make -f &quot;/Users/arturarifullin/Desktop/C_Programs/4\ семестр/socket/client/Makefile&quot;  VERBOSE=1 rebuild_cache"/>
					<CompileFile command="/usr/bin/make -f &quot;/Users/arturarifullin/Desktop/C_Programs/4\ семестр/socket/client/Makefile&quot;  VERBOSE=1 &quot;$file&quot;"/>
					<Clean command="/usr/bin/make -f &quot;/Users/arturarifullin/Desktop/C_Programs/4\ семестр/socket/client/Makefile&quot;  VERBOSE=1 clean"/>
					<DistClean command="/usr/bin/make -f &quot;/Users/arturarifullin/Desktop/C_Programs/4\ семестр/socket/client/Makefile&quot;  VERBOSE=1 clean"/>
				</MakeCommands>
			</Target>
			<Target title="edit_cache">
				<Option working_dir="/Users/arturarifullin/Desktop/C_Programs/4 семестр/socket/client"/>
				<Option type="4"/>
				<MakeCommands>
					<Build command="/usr/bin/make -f &quot;/Users/arturarifullin/Desktop/C_Programs/4\ семестр/socket/client/Makefile&quot;  VERBOSE=1 edit_cache"/>
					<CompileFile command="/usr/bin/make -f &quot;/Users/arturarifullin/Desktop/C_Programs/4\ семестр/socket/client/Makefile&quot;  VERBOSE=1 &quot;$file&quot;"/>
					<Clean command="/usr/bin/make -f &quot;/Users/arturarifullin/Desktop/C_Programs/4\ семестр/socket/client/Makefile&quot;  VERBOSE=1 clean"/>
					<DistClean command="/usr/bin/make -f &quot;/Users/arturarifullin/Desktop/C_Programs/4\ семестр/socket/client/Makefile&quot;  VERBOSE=1 clean"/>
				</MakeCommands>
			</Target>
			<Target title="client">
				<Option output="/Users/arturarifullin/Desktop/C_Programs/4 семестр/socket/client/client" prefix_auto="0" extension_auto="0"/>
				<Option working_dir="/Users/arturarifullin/Desktop/C_Programs/4 семестр/socket/client"/>
				<Option object_output="./"/>
				<Option type="1"/>
				<Option compiler="gcc"/>
				<Compiler/>
				<MakeCommands>
					<Build command="/usr/bin/make -f &quot;/Users/arturarifullin/Desktop/C_Programs/4\ семестр/socket/client/Makefile&quot;  VERBOSE=1 client"/>
					<CompileFile command="/usr/bin/make -f &quot;/Users/arturarifullin/Desktop/C_Programs/4\ семестр/socket/client/Makefile&quot;  VERBOSE=1 &quot;$file&quot;"/>
					<Clean command="/usr/bin/make -f &quot;/Users/arturarifullin/Desktop/C_Programs/4\ семестр/socket/client/Makefile&quot;  VERBOSE=1 clean"/>
					<DistClean command="/usr/bin/make -f &quot;/Users/arturarifullin/Desktop/C_Programs/4\ семестр/socket/client/Makefile&quot;  VERBOSE=1 clean"/>
				</MakeCommands>
			</Target>
			<Target title="client/fast">
				<Option output="/Users/arturarifullin/Desktop/C_Programs/4 семестр/socket/client/client" prefix_auto="0" extension_auto="0"/>
				<Option working_dir="/Users/arturarifullin/Desktop/C_Programs/4 семестр/socket/client"/>
				<Option object_output="./"/>
				<Option type="1"/>
				<Option compiler="gcc"/>
				<Compiler/>
				<MakeCommands>
					<Build command="/usr/bin/make -f &quot;/Users/arturarifullin/Desktop/C_Programs/4\ семестр/socket/client/Makefile&quot;  VERBOSE=1 client/fast"/>
					<CompileFile command="/usr/bin/make -f &quot;/Users/arturarifullin/Desktop/C_Programs/4\ семестр/socket/client/Makefile&quot;  VERBOSE=1 &quot;$file&quot;"/>
					<Clean command="/usr/bin/make -f &quot;/Users/arturarifullin/Desktop/C_Programs/4\ семестр/socket/client/Makefile&quot;  VERBOSE=1 clean"/>
					<DistClean command="/usr/bin/make -f &quot;/Users/arturarifullin/Desktop/C_Programs/4\ семестр/socket/client/Makefile&quot;  VERBOSE=1 clean"/>
				</MakeCommands>
			</Target>
		</Build>
		<Unit filename="/Users/arturarifullin/Desktop/C_Programs/4 семестр/socket/client/main.cpp">
			<Option target="client"/>
		</Unit>
		<Unit filename="/Users/arturarifullin/Desktop/C_Programs/4 семестр/socket/client/CMakeLists.txt">
			<Option virtualFolder="CMake Files\"/>
		</Unit>
	</Project>
</CodeBlocks_project_file>
